
Microsoft Visual Studio Solution File, Format Version 12.00
# Visual Studio Version 16
VisualStudioVersion = 16.0.28803.156
MinimumVisualStudioVersion = 10.0.40219.1
Project("{9A19103F-16F7-4668-BE54-9A1E7A4F7556}") = "OnlineCourseSystem", "OnlineCourseSystem\OnlineCourseSystem.csproj", "{8A3FCEDC-78DE-438C-A5B7-C97CB9F42835}"
	ProjectSection(ProjectDependencies) = postProject
		{6E883D85-8920-44FE-8661-5D826BA599B4} = {6E883D85-8920-44FE-8661-5D826BA599B4}
	EndProjectSection
EndProject
Project("{9A19103F-16F7-4668-BE54-9A1E7A4F7556}") = "OnlineCourseSystem.Domain", "OnlineCourseSystem.Domain\OnlineCourseSystem.Domain.csproj", "{6E883D85-8920-44FE-8661-5D826BA599B4}"
EndProject
Project("{9A19103F-16F7-4668-BE54-9A1E7A4F7556}") = "OnlineCourseSystem.DAL", "OnlineCourseSystem.DAL\OnlineCourseSystem.DAL.csproj", "{B7EFBE74-CB19-429F-ACBC-9C828AF507E1}"
EndProject
Global
	GlobalSection(SolutionConfigurationPlatforms) = preSolution
		Debug|Any CPU = Debug|Any CPU
		Release|Any CPU = Release|Any CPU
	EndGlobalSection
	GlobalSection(ProjectConfigurationPlatforms) = postSolution
		{8A3FCEDC-78DE-438C-A5B7-C97CB9F42835}.Debug|Any CPU.ActiveCfg = Debug|Any CPU
		{8A3FCEDC-78DE-438C-A5B7-C97CB9F42835}.Debug|Any CPU.Build.0 = Debug|Any CPU
		{8A3FCEDC-78DE-438C-A5B7-C97CB9F42835}.Release|Any CPU.ActiveCfg = Release|Any CPU
		{8A3FCEDC-78DE-438C-A5B7-C97CB9F42835}.Release|Any CPU.Build.0 = Release|Any CPU
		{6E883D85-8920-44FE-8661-5D826BA599B4}.Debug|Any CPU.ActiveCfg = Debug|Any CPU
		{6E883D85-8920-44FE-8661-5D826BA599B4}.Debug|Any CPU.Build.0 = Debug|Any CPU
		{6E883D85-8920-44FE-8661-5D826BA599B4}.Release|Any CPU.ActiveCfg = Release|Any CPU
		{6E883D85-8920-44FE-8661-5D826BA599B4}.Release|Any CPU.Build.0 = Release|Any CPU
		{B7EFBE74-CB19-429F-ACBC-9C828AF507E1}.Debug|Any CPU.ActiveCfg = Debug|Any CPU
		{B7EFBE74-CB19-429F-ACBC-9C828AF507E1}.Debug|Any CPU.Build.0 = Debug|Any CPU
		{B7EFBE74-CB19-429F-ACBC-9C828AF507E1}.Release|Any CPU.ActiveCfg = Release|Any CPU
		{B7EFBE74-CB19-429F-ACBC-9C828AF507E1}.Release|Any CPU.Build.0 = Release|Any CPU
	EndGlobalSection
	GlobalSection(SolutionProperties) = preSolution
		HideSolutionNode = FALSE
	EndGlobalSection
	GlobalSection(ExtensibilityGlobals) = postSolution
		SolutionGuid = {387A7E83-8ED0-40F7-BED6-B186AFC42A05}
	EndGlobalSection
EndGlobal
